github.com/barkimedes/go-deepcopy v0.0.0-20220514131651-17c30cfc62df h1:GSoSVRLoBaFpOOds6QyY1L8AX7uoY+Ln3BHc22W40X0=
github.com/barkimedes/go-deepcopy v0.0.0-20220514131651-17c30cfc62df/go.mod h1:hiVxq5OP2bUGBRNS3Z/bt/reCLFNbdcST6gISi1fiOM=
github.com/davecgh/go-spew v1.1.1 h1:vj9j/u1bqnvCEfJOwUhtlOARqs3+rkHYY13jYWTU97c=
github.com/godevsig/gotiny v0.0.4-0.20210913173728-083dd4b72177 h1:Ga+4dO0xF4ejuZfKnHfEA/bqlNUc2XKNjpopVDhMjLM=
github.com/godevsig/gotiny v0.0.4-0.20210913173728-083dd4b72177/go.mod h1:QdEauSzqdF5tbLIVtGYO6sqOhUKVPSZGd5x7xK5oeS4=
github.com/google/uuid v1.6.0 h1:NIvaJDMOsjHA8n1jAhLSgzrAzy1Hgr+hNrb57e+94F0=
github.com/google/uuid v1.6.0/go.mod h1:TIyPZe4MgqvfeYDBFedMoGGpEw/LqOeaOT+nhxU+yHo=
github.com/niubaoshu/goutils v0.0.0-20180828035119-e8e576f66c2b h1:T7vmCmpGIvqlOOp5SXatALP+HYc/40ZHbxmgy+p+sN0=
github.com/niubaoshu/goutils v0.0.0-20180828035119-e8e576f66c2b/go.mod h1:aDwH4aWrEBXw/uvtSvwNwxdtnsx++aP8c8ad4AmlRCg=
github.com/pmezard/go-difflib v1.0.0 h1:4DBwDE0NGyQoBHbLQYPwSUPoCMWR5BEzIk/f1lZbAQM=
github.com/stretchr/testify v1.8.4 h1:CcVxjf3Q8PM0mHUKJCdn+eZZtm5yQwehR5yeSVQQcUk=
github.com/timandy/routine v1.1.3 h1:lK7ix0Oyprtuw301bNle7WZw9V8eY680mjT9r5rmBLA=
github.com/timandy/routine v1.1.3/go.mod h1:XWkchlwnVxH+yRwA/yxSuyzxqiaNuBUcFUHDglX56SY=
gopkg.in/yaml.v3 v3.0.1 h1:fxVm/GzAzEWqLHuvctI91KS9hhNmmWOoWu0XTYJS7CA=
