github.com/barkimedes/go-deepcopy v0.0.0-20220514131651-17c30cfc62df h1:GSoSVRLoBaFpOOds6QyY1L8AX7uoY+Ln3BHc22W40X0=
github.com/barkimedes/go-deepcopy v0.0.0-20220514131651-17c30cfc62df/go.mod h1:hiVxq5OP2bUGBRNS3Z/bt/reCLFNbdcST6gISi1fiOM=
github.com/davecgh/go-spew v1.1.1 h1:vj9j/u1bqnvCEfJOwUhtlOARqs3+rkHYY13jYWTU97c=
github.com/godevsig/gotiny v0.0.4-0.20250609020402-bcea04b6dccb h1:ENam7feJFGclvpvDLBqUsKzQpbG3COy4vcqFpvW2j0I=
github.com/godevsig/gotiny v0.0.4-0.20250609020402-bcea04b6dccb/go.mod h1:nArZSfo+oQIHkUBFSJhjdN0ZAoN6r51bJoyJb7Hq690=
github.com/google/uuid v1.6.0 h1:NIvaJDMOsjHA8n1jAhLSgzrAzy1Hgr+hNrb57e+94F0=
github.com/google/uuid v1.6.0/go.mod h1:TIyPZe4MgqvfeYDBFedMoGGpEw/LqOeaOT+nhxU+yHo=
github.com/pmezard/go-difflib v1.0.0 h1:4DBwDE0NGyQoBHbLQYPwSUPoCMWR5BEzIk/f1lZbAQM=
github.com/stretchr/testify v1.8.4 h1:CcVxjf3Q8PM0mHUKJCdn+eZZtm5yQwehR5yeSVQQcUk=
github.com/timandy/routine v1.1.3 h1:lK7ix0Oyprtuw301bNle7WZw9V8eY680mjT9r5rmBLA=
github.com/timandy/routine v1.1.3/go.mod h1:XWkchlwnVxH+yRwA/yxSuyzxqiaNuBUcFUHDglX56SY=
gopkg.in/yaml.v3 v3.0.1 h1:fxVm/GzAzEWqLHuvctI91KS9hhNmmWOoWu0XTYJS7CA=
